
Microsoft Visual Studio Solution File, Format Version 12.00
# Visual Studio 2013
VisualStudioVersion = 12.0.31101.0
MinimumVisualStudioVersion = 10.0.40219.1
Project("{FAE04EC0-301F-11D3-BF4B-00C04F79EFBC}") = "Zenos.Tests", "Zenos.Tests\Zenos.Tests.csproj", "{6A09EDEC-E1D2-4B02-996C-325C2A3437EB}"
EndProject
Project("{FAE04EC0-301F-11D3-BF4B-00C04F79EFBC}") = "Zenos.Compiler", "Zenos.Compiler\Zenos.Compiler.csproj", "{6AACEC86-6DA6-4A41-92DC-A1B7DDE5AA62}"
EndProject
Project("{FAE04EC0-301F-11D3-BF4B-00C04F79EFBC}") = "Zenos", "Zenos\Zenos.csproj", "{DC2B8F8E-0A01-4437-A345-413DEBF1E4EF}"
EndProject
Project("{2150E333-8FDC-42A3-9474-1A3956D46DE8}") = "Solution Items", "Solution Items", "{03FA1D64-EABF-484D-8F1C-078BB2F2940E}"
	ProjectSection(SolutionItems) = preProject
		SharedAssemblyInfo.cs = SharedAssemblyInfo.cs
	EndProjectSection
EndProject
Global
	GlobalSection(SolutionConfigurationPlatforms) = preSolution
		Debug|x86 = Debug|x86
		net_2_0_Debug|x86 = net_2_0_Debug|x86
		net_2_0_Release|x86 = net_2_0_Release|x86
		net_3_5_Debug|x86 = net_3_5_Debug|x86
		net_3_5_Release|x86 = net_3_5_Release|x86
		net_4_0_Debug|x86 = net_4_0_Debug|x86
		net_4_0_Release|x86 = net_4_0_Release|x86
		net_4_5_Debug|x86 = net_4_5_Debug|x86
		net_4_5_Release|x86 = net_4_5_Release|x86
		Release|x86 = Release|x86
		silverlight_Debug|x86 = silverlight_Debug|x86
		silverlight_Release|x86 = silverlight_Release|x86
		winphone_Debug|x86 = winphone_Debug|x86
		winphone_Release|x86 = winphone_Release|x86
	EndGlobalSection
	GlobalSection(ProjectConfigurationPlatforms) = postSolution
		{6A09EDEC-E1D2-4B02-996C-325C2A3437EB}.Debug|x86.ActiveCfg = Debug|x86
		{6A09EDEC-E1D2-4B02-996C-325C2A3437EB}.Debug|x86.Build.0 = Debug|x86
		{6A09EDEC-E1D2-4B02-996C-325C2A3437EB}.net_2_0_Debug|x86.ActiveCfg = Debug|x86
		{6A09EDEC-E1D2-4B02-996C-325C2A3437EB}.net_2_0_Debug|x86.Build.0 = Debug|x86
		{6A09EDEC-E1D2-4B02-996C-325C2A3437EB}.net_2_0_Release|x86.ActiveCfg = Release|x86
		{6A09EDEC-E1D2-4B02-996C-325C2A3437EB}.net_2_0_Release|x86.Build.0 = Release|x86
		{6A09EDEC-E1D2-4B02-996C-325C2A3437EB}.net_3_5_Debug|x86.ActiveCfg = Debug|x86
		{6A09EDEC-E1D2-4B02-996C-325C2A3437EB}.net_3_5_Debug|x86.Build.0 = Debug|x86
		{6A09EDEC-E1D2-4B02-996C-325C2A3437EB}.net_3_5_Release|x86.ActiveCfg = Release|x86
		{6A09EDEC-E1D2-4B02-996C-325C2A3437EB}.net_3_5_Release|x86.Build.0 = Release|x86
		{6A09EDEC-E1D2-4B02-996C-325C2A3437EB}.net_4_0_Debug|x86.ActiveCfg = Debug|x86
		{6A09EDEC-E1D2-4B02-996C-325C2A3437EB}.net_4_0_Debug|x86.Build.0 = Debug|x86
		{6A09EDEC-E1D2-4B02-996C-325C2A3437EB}.net_4_0_Release|x86.ActiveCfg = Release|x86
		{6A09EDEC-E1D2-4B02-996C-325C2A3437EB}.net_4_0_Release|x86.Build.0 = Release|x86
		{6A09EDEC-E1D2-4B02-996C-325C2A3437EB}.net_4_5_Debug|x86.ActiveCfg = Debug|x86
		{6A09EDEC-E1D2-4B02-996C-325C2A3437EB}.net_4_5_Debug|x86.Build.0 = Debug|x86
		{6A09EDEC-E1D2-4B02-996C-325C2A3437EB}.net_4_5_Release|x86.ActiveCfg = Release|x86
		{6A09EDEC-E1D2-4B02-996C-325C2A3437EB}.net_4_5_Release|x86.Build.0 = Release|x86
		{6A09EDEC-E1D2-4B02-996C-325C2A3437EB}.Release|x86.ActiveCfg = Release|x86
		{6A09EDEC-E1D2-4B02-996C-325C2A3437EB}.Release|x86.Build.0 = Release|x86
		{6A09EDEC-E1D2-4B02-996C-325C2A3437EB}.silverlight_Debug|x86.ActiveCfg = Debug|x86
		{6A09EDEC-E1D2-4B02-996C-325C2A3437EB}.silverlight_Debug|x86.Build.0 = Debug|x86
		{6A09EDEC-E1D2-4B02-996C-325C2A3437EB}.silverlight_Release|x86.ActiveCfg = Release|x86
		{6A09EDEC-E1D2-4B02-996C-325C2A3437EB}.silverlight_Release|x86.Build.0 = Release|x86
		{6A09EDEC-E1D2-4B02-996C-325C2A3437EB}.winphone_Debug|x86.ActiveCfg = Debug|x86
		{6A09EDEC-E1D2-4B02-996C-325C2A3437EB}.winphone_Debug|x86.Build.0 = Debug|x86
		{6A09EDEC-E1D2-4B02-996C-325C2A3437EB}.winphone_Release|x86.ActiveCfg = Release|x86
		{6A09EDEC-E1D2-4B02-996C-325C2A3437EB}.winphone_Release|x86.Build.0 = Release|x86
		{6AACEC86-6DA6-4A41-92DC-A1B7DDE5AA62}.Debug|x86.ActiveCfg = Debug|x86
		{6AACEC86-6DA6-4A41-92DC-A1B7DDE5AA62}.Debug|x86.Build.0 = Debug|x86
		{6AACEC86-6DA6-4A41-92DC-A1B7DDE5AA62}.net_2_0_Debug|x86.ActiveCfg = Debug|x86
		{6AACEC86-6DA6-4A41-92DC-A1B7DDE5AA62}.net_2_0_Debug|x86.Build.0 = Debug|x86
		{6AACEC86-6DA6-4A41-92DC-A1B7DDE5AA62}.net_2_0_Release|x86.ActiveCfg = Release|x86
		{6AACEC86-6DA6-4A41-92DC-A1B7DDE5AA62}.net_2_0_Release|x86.Build.0 = Release|x86
		{6AACEC86-6DA6-4A41-92DC-A1B7DDE5AA62}.net_3_5_Debug|x86.ActiveCfg = Debug|x86
		{6AACEC86-6DA6-4A41-92DC-A1B7DDE5AA62}.net_3_5_Debug|x86.Build.0 = Debug|x86
		{6AACEC86-6DA6-4A41-92DC-A1B7DDE5AA62}.net_3_5_Release|x86.ActiveCfg = Release|x86
		{6AACEC86-6DA6-4A41-92DC-A1B7DDE5AA62}.net_3_5_Release|x86.Build.0 = Release|x86
		{6AACEC86-6DA6-4A41-92DC-A1B7DDE5AA62}.net_4_0_Debug|x86.ActiveCfg = Debug|x86
		{6AACEC86-6DA6-4A41-92DC-A1B7DDE5AA62}.net_4_0_Debug|x86.Build.0 = Debug|x86
		{6AACEC86-6DA6-4A41-92DC-A1B7DDE5AA62}.net_4_0_Release|x86.ActiveCfg = Release|x86
		{6AACEC86-6DA6-4A41-92DC-A1B7DDE5AA62}.net_4_0_Release|x86.Build.0 = Release|x86
		{6AACEC86-6DA6-4A41-92DC-A1B7DDE5AA62}.net_4_5_Debug|x86.ActiveCfg = Debug|x86
		{6AACEC86-6DA6-4A41-92DC-A1B7DDE5AA62}.net_4_5_Debug|x86.Build.0 = Debug|x86
		{6AACEC86-6DA6-4A41-92DC-A1B7DDE5AA62}.net_4_5_Release|x86.ActiveCfg = Release|x86
		{6AACEC86-6DA6-4A41-92DC-A1B7DDE5AA62}.net_4_5_Release|x86.Build.0 = Release|x86
		{6AACEC86-6DA6-4A41-92DC-A1B7DDE5AA62}.Release|x86.ActiveCfg = Release|x86
		{6AACEC86-6DA6-4A41-92DC-A1B7DDE5AA62}.Release|x86.Build.0 = Release|x86
		{6AACEC86-6DA6-4A41-92DC-A1B7DDE5AA62}.silverlight_Debug|x86.ActiveCfg = Debug|x86
		{6AACEC86-6DA6-4A41-92DC-A1B7DDE5AA62}.silverlight_Debug|x86.Build.0 = Debug|x86
		{6AACEC86-6DA6-4A41-92DC-A1B7DDE5AA62}.silverlight_Release|x86.ActiveCfg = Release|x86
		{6AACEC86-6DA6-4A41-92DC-A1B7DDE5AA62}.silverlight_Release|x86.Build.0 = Release|x86
		{6AACEC86-6DA6-4A41-92DC-A1B7DDE5AA62}.winphone_Debug|x86.ActiveCfg = Debug|x86
		{6AACEC86-6DA6-4A41-92DC-A1B7DDE5AA62}.winphone_Debug|x86.Build.0 = Debug|x86
		{6AACEC86-6DA6-4A41-92DC-A1B7DDE5AA62}.winphone_Release|x86.ActiveCfg = Release|x86
		{6AACEC86-6DA6-4A41-92DC-A1B7DDE5AA62}.winphone_Release|x86.Build.0 = Release|x86
		{DC2B8F8E-0A01-4437-A345-413DEBF1E4EF}.Debug|x86.ActiveCfg = Debug|x86
		{DC2B8F8E-0A01-4437-A345-413DEBF1E4EF}.Debug|x86.Build.0 = Debug|x86
		{DC2B8F8E-0A01-4437-A345-413DEBF1E4EF}.net_2_0_Debug|x86.ActiveCfg = Debug|x86
		{DC2B8F8E-0A01-4437-A345-413DEBF1E4EF}.net_2_0_Debug|x86.Build.0 = Debug|x86
		{DC2B8F8E-0A01-4437-A345-413DEBF1E4EF}.net_2_0_Release|x86.ActiveCfg = Release|x86
		{DC2B8F8E-0A01-4437-A345-413DEBF1E4EF}.net_2_0_Release|x86.Build.0 = Release|x86
		{DC2B8F8E-0A01-4437-A345-413DEBF1E4EF}.net_3_5_Debug|x86.ActiveCfg = Debug|x86
		{DC2B8F8E-0A01-4437-A345-413DEBF1E4EF}.net_3_5_Debug|x86.Build.0 = Debug|x86
		{DC2B8F8E-0A01-4437-A345-413DEBF1E4EF}.net_3_5_Release|x86.ActiveCfg = Release|x86
		{DC2B8F8E-0A01-4437-A345-413DEBF1E4EF}.net_3_5_Release|x86.Build.0 = Release|x86
		{DC2B8F8E-0A01-4437-A345-413DEBF1E4EF}.net_4_0_Debug|x86.ActiveCfg = Debug|x86
		{DC2B8F8E-0A01-4437-A345-413DEBF1E4EF}.net_4_0_Debug|x86.Build.0 = Debug|x86
		{DC2B8F8E-0A01-4437-A345-413DEBF1E4EF}.net_4_0_Release|x86.ActiveCfg = Release|x86
		{DC2B8F8E-0A01-4437-A345-413DEBF1E4EF}.net_4_0_Release|x86.Build.0 = Release|x86
		{DC2B8F8E-0A01-4437-A345-413DEBF1E4EF}.net_4_5_Debug|x86.ActiveCfg = Debug|x86
		{DC2B8F8E-0A01-4437-A345-413DEBF1E4EF}.net_4_5_Debug|x86.Build.0 = Debug|x86
		{DC2B8F8E-0A01-4437-A345-413DEBF1E4EF}.net_4_5_Release|x86.ActiveCfg = Release|x86
		{DC2B8F8E-0A01-4437-A345-413DEBF1E4EF}.net_4_5_Release|x86.Build.0 = Release|x86
		{DC2B8F8E-0A01-4437-A345-413DEBF1E4EF}.Release|x86.ActiveCfg = Release|x86
		{DC2B8F8E-0A01-4437-A345-413DEBF1E4EF}.Release|x86.Build.0 = Release|x86
		{DC2B8F8E-0A01-4437-A345-413DEBF1E4EF}.silverlight_Debug|x86.ActiveCfg = Debug|x86
		{DC2B8F8E-0A01-4437-A345-413DEBF1E4EF}.silverlight_Debug|x86.Build.0 = Debug|x86
		{DC2B8F8E-0A01-4437-A345-413DEBF1E4EF}.silverlight_Release|x86.ActiveCfg = Release|x86
		{DC2B8F8E-0A01-4437-A345-413DEBF1E4EF}.silverlight_Release|x86.Build.0 = Release|x86
		{DC2B8F8E-0A01-4437-A345-413DEBF1E4EF}.winphone_Debug|x86.ActiveCfg = Debug|x86
		{DC2B8F8E-0A01-4437-A345-413DEBF1E4EF}.winphone_Debug|x86.Build.0 = Debug|x86
		{DC2B8F8E-0A01-4437-A345-413DEBF1E4EF}.winphone_Release|x86.ActiveCfg = Release|x86
		{DC2B8F8E-0A01-4437-A345-413DEBF1E4EF}.winphone_Release|x86.Build.0 = Release|x86
	EndGlobalSection
	GlobalSection(SolutionProperties) = preSolution
		HideSolutionNode = FALSE
	EndGlobalSection
EndGlobal
